golang.org/x/sys v0.41.0 h1:Ivj+2Cp/ylzLiEU89QhWblYnOE9zerudt9Ftecq2C6k=
golang.org/x/sys v0.41.0/go.mod h1:OgkHotnGiDImocRcuBABYBEXf8A9a87e/uXjp9XT3ks=
hazelnut.eclair.cafe/wlcl v1.0.0 h1:RPQTRchIKMtqycvRNFr/jJQ0bOBC5cyXMF2mAipvDq0=
hazelnut.eclair.cafe/wlcl v1.0.0/go.mod h1:lY2az+KKFV0r4r0y/gp2OfO5CjpOgMU1vUjkwK67T1M=
